{
  "requires": true,
  "lockfileVersion": 1,
  "dependencies": {
    "imask": {
      "version": "6.6.3",
      "resolved": "https://registry.npmjs.org/imask/-/imask-6.6.3.tgz",
      "integrity": "sha512-a9MTDhm+ET4G2IRcdUGuVTXHS05WsRNPGM5CeNJnXiXuoi4zv7g0/UDFLlRF4lBBeb8EWds4C4JVwhI0nuAIug=="
    }
  }
}
